
Microsoft Visual Studio Solution File, Format Version 12.00
# Visual Studio 15
VisualStudioVersion = 15.0.26730.16
MinimumVisualStudioVersion = 10.0.40219.1
Project("{FAE04EC0-301F-11D3-BF4B-00C04F79EFBC}") = "Business Application", "Business Application\Business Application.csproj", "{EB172472-8D27-43C1-901C-317D6F81326D}"
EndProject
Global
	GlobalSection(SolutionConfigurationPlatforms) = preSolution
		Debug|Any CPU = Debug|Any CPU
		Release|Any CPU = Release|Any CPU
	EndGlobalSection
	GlobalSection(ProjectConfigurationPlatforms) = postSolution
		{EB172472-8D27-43C1-901C-317D6F81326D}.Debug|Any CPU.ActiveCfg = Debug|Any CPU
		{EB172472-8D27-43C1-901C-317D6F81326D}.Debug|Any CPU.Build.0 = Debug|Any CPU
		{EB172472-8D27-43C1-901C-317D6F81326D}.Release|Any CPU.ActiveCfg = Release|Any CPU
		{EB172472-8D27-43C1-901C-317D6F81326D}.Release|Any CPU.Build.0 = Release|Any CPU
	EndGlobalSection
	GlobalSection(SolutionProperties) = preSolution
		HideSolutionNode = FALSE
	EndGlobalSection
	GlobalSection(ExtensibilityGlobals) = postSolution
		SolutionGuid = {FE54C8C7-2CA9-4BAB-B169-8D284F5C78EB}
	EndGlobalSection
EndGlobal
